
Microsoft Visual Studio Solution File, Format Version 12.00
# Visual Studio Version 17
VisualStudioVersion = 17.14.36203.30 d17.14
MinimumVisualStudioVersion = 10.0.40219.1
Project("{FAE04EC0-301F-11D3-BF4B-00C04F79EFBC}") = "Escola Virtual-anonymous", "Escola Virtual-anonymous\Escola Virtual-anonymous.csproj", "{7548B7DF-63AB-4990-B70D-CBED2F5CE388}"
EndProject
Global
	GlobalSection(SolutionConfigurationPlatforms) = preSolution
		Debug|Any CPU = Debug|Any CPU
		Release|Any CPU = Release|Any CPU
	EndGlobalSection
	GlobalSection(ProjectConfigurationPlatforms) = postSolution
		{7548B7DF-63AB-4990-B70D-CBED2F5CE388}.Debug|Any CPU.ActiveCfg = Debug|Any CPU
		{7548B7DF-63AB-4990-B70D-CBED2F5CE388}.Debug|Any CPU.Build.0 = Debug|Any CPU
		{7548B7DF-63AB-4990-B70D-CBED2F5CE388}.Release|Any CPU.ActiveCfg = Release|Any CPU
		{7548B7DF-63AB-4990-B70D-CBED2F5CE388}.Release|Any CPU.Build.0 = Release|Any CPU
	EndGlobalSection
	GlobalSection(SolutionProperties) = preSolution
		HideSolutionNode = FALSE
	EndGlobalSection
	GlobalSection(ExtensibilityGlobals) = postSolution
		SolutionGuid = {A621FCEC-C0A7-4A21-A25A-02976FCB8213}
	EndGlobalSection
EndGlobal
